
Microsoft Visual Studio Solution File, Format Version 12.00
# Visual Studio 2013
VisualStudioVersion = 12.0.31101.0
MinimumVisualStudioVersion = 10.0.40219.1
Project("{FAE04EC0-301F-11D3-BF4B-00C04F79EFBC}") = "PSD.PartyDomain", "PSD.PartyDomain\PSD.PartyDomain.csproj", "{3E902359-A12F-483A-8A43-035E0904F36A}"
EndProject
Project("{FAE04EC0-301F-11D3-BF4B-00C04F79EFBC}") = "PSD.DomainFramework", "PSD.DomainFramework\PSD.DomainFramework.csproj", "{EB1F09D7-278B-4034-BCE4-AD0E60C42AAC}"
EndProject
Project("{FAE04EC0-301F-11D3-BF4B-00C04F79EFBC}") = "PSD.PartyDomain.Test", "PSD.PartyDomain.Test\PSD.PartyDomain.Test.csproj", "{C067263A-1D0B-4F12-9995-9E6A80F93414}"
EndProject
Global
	GlobalSection(SolutionConfigurationPlatforms) = preSolution
		Debug|Any CPU = Debug|Any CPU
		Release|Any CPU = Release|Any CPU
	EndGlobalSection
	GlobalSection(ProjectConfigurationPlatforms) = postSolution
		{3E902359-A12F-483A-8A43-035E0904F36A}.Debug|Any CPU.ActiveCfg = Debug|Any CPU
		{3E902359-A12F-483A-8A43-035E0904F36A}.Debug|Any CPU.Build.0 = Debug|Any CPU
		{3E902359-A12F-483A-8A43-035E0904F36A}.Release|Any CPU.ActiveCfg = Release|Any CPU
		{3E902359-A12F-483A-8A43-035E0904F36A}.Release|Any CPU.Build.0 = Release|Any CPU
		{EB1F09D7-278B-4034-BCE4-AD0E60C42AAC}.Debug|Any CPU.ActiveCfg = Debug|Any CPU
		{EB1F09D7-278B-4034-BCE4-AD0E60C42AAC}.Debug|Any CPU.Build.0 = Debug|Any CPU
		{EB1F09D7-278B-4034-BCE4-AD0E60C42AAC}.Release|Any CPU.ActiveCfg = Release|Any CPU
		{EB1F09D7-278B-4034-BCE4-AD0E60C42AAC}.Release|Any CPU.Build.0 = Release|Any CPU
		{C067263A-1D0B-4F12-9995-9E6A80F93414}.Debug|Any CPU.ActiveCfg = Debug|Any CPU
		{C067263A-1D0B-4F12-9995-9E6A80F93414}.Debug|Any CPU.Build.0 = Debug|Any CPU
		{C067263A-1D0B-4F12-9995-9E6A80F93414}.Release|Any CPU.ActiveCfg = Release|Any CPU
		{C067263A-1D0B-4F12-9995-9E6A80F93414}.Release|Any CPU.Build.0 = Release|Any CPU
	EndGlobalSection
	GlobalSection(SolutionProperties) = preSolution
		HideSolutionNode = FALSE
	EndGlobalSection
EndGlobal
